# This file is automatically @generated by Poetry 1.8.2 and should not be changed by hand.

[[package]]
name = "pyperclip"
version = "1.8.2"
description = "A cross-platform clipboard module for Python. (Only handles plain text for now.)"
optional = false
python-versions = "*"
files = [
    {file = "pyperclip-1.8.2.tar.gz", hash = "sha256:105254a8b04934f0bc84e9c24eb360a591aaf6535c9def5f29d92af107a9bf57"},
]

[metadata]
lock-version = "2.0"
python-versions = "^3.12"
content-hash = "a157033309db3cb17cc4be01be3f81f57f32880327be86cd0fddf7a32fe7a3c8"
